
Microsoft Visual Studio Solution File, Format Version 12.00
# Visual Studio Version 17
VisualStudioVersion = 17.5.002.0
MinimumVisualStudioVersion = 10.0.40219.1
Project("{9A19103F-16F7-4668-BE54-9A1E7A4F7556}") = "PHD_Eventos.API", "PHD_Eventos.API.csproj", "{9381A60E-4E3B-4C78-805F-9BFEB486A03A}"
EndProject
Global
	GlobalSection(SolutionConfigurationPlatforms) = preSolution
		Debug|Any CPU = Debug|Any CPU
		Release|Any CPU = Release|Any CPU
	EndGlobalSection
	GlobalSection(ProjectConfigurationPlatforms) = postSolution
		{9381A60E-4E3B-4C78-805F-9BFEB486A03A}.Debug|Any CPU.ActiveCfg = Debug|Any CPU
		{9381A60E-4E3B-4C78-805F-9BFEB486A03A}.Debug|Any CPU.Build.0 = Debug|Any CPU
		{9381A60E-4E3B-4C78-805F-9BFEB486A03A}.Release|Any CPU.ActiveCfg = Release|Any CPU
		{9381A60E-4E3B-4C78-805F-9BFEB486A03A}.Release|Any CPU.Build.0 = Release|Any CPU
	EndGlobalSection
	GlobalSection(SolutionProperties) = preSolution
		HideSolutionNode = FALSE
	EndGlobalSection
	GlobalSection(ExtensibilityGlobals) = postSolution
		SolutionGuid = {2F2EA6E5-DEB3-45BD-B1FA-6386714CFEB9}
	EndGlobalSection
EndGlobal
